
Microsoft Visual Studio Solution File, Format Version 12.00
# Visual Studio Version 16
VisualStudioVersion = 16.0.33027.164
MinimumVisualStudioVersion = 10.0.40219.1
Project("{FAE04EC0-301F-11D3-BF4B-00C04F79EFBC}") = "ConsoleApp5.6", "ConsoleApp5.6\ConsoleApp5.6.csproj", "{041E219A-AE8A-4A96-9BB3-305334E607CF}"
EndProject
Global
	GlobalSection(SolutionConfigurationPlatforms) = preSolution
		Debug|Any CPU = Debug|Any CPU
		Release|Any CPU = Release|Any CPU
	EndGlobalSection
	GlobalSection(ProjectConfigurationPlatforms) = postSolution
		{041E219A-AE8A-4A96-9BB3-305334E607CF}.Debug|Any CPU.ActiveCfg = Debug|Any CPU
		{041E219A-AE8A-4A96-9BB3-305334E607CF}.Debug|Any CPU.Build.0 = Debug|Any CPU
		{041E219A-AE8A-4A96-9BB3-305334E607CF}.Release|Any CPU.ActiveCfg = Release|Any CPU
		{041E219A-AE8A-4A96-9BB3-305334E607CF}.Release|Any CPU.Build.0 = Release|Any CPU
	EndGlobalSection
	GlobalSection(SolutionProperties) = preSolution
		HideSolutionNode = FALSE
	EndGlobalSection
	GlobalSection(ExtensibilityGlobals) = postSolution
		SolutionGuid = {AAA3C694-9767-4E5B-A993-865BBDB997AA}
	EndGlobalSection
EndGlobal
